
Microsoft Visual Studio Solution File, Format Version 12.00
# Visual Studio Version 16
VisualStudioVersion = 16.0.29230.47
MinimumVisualStudioVersion = 10.0.40219.1
Project("{9A19103F-16F7-4668-BE54-9A1E7A4F7556}") = "formation-cli", "formation-cli.csproj", "{AC20B9B0-8DF2-43DA-8067-2F8C71F7E339}"
EndProject
Global
	GlobalSection(SolutionConfigurationPlatforms) = preSolution
		Debug|Any CPU = Debug|Any CPU
		Release|Any CPU = Release|Any CPU
	EndGlobalSection
	GlobalSection(ProjectConfigurationPlatforms) = postSolution
		{AC20B9B0-8DF2-43DA-8067-2F8C71F7E339}.Debug|Any CPU.ActiveCfg = Debug|Any CPU
		{AC20B9B0-8DF2-43DA-8067-2F8C71F7E339}.Debug|Any CPU.Build.0 = Debug|Any CPU
		{AC20B9B0-8DF2-43DA-8067-2F8C71F7E339}.Release|Any CPU.ActiveCfg = Release|Any CPU
		{AC20B9B0-8DF2-43DA-8067-2F8C71F7E339}.Release|Any CPU.Build.0 = Release|Any CPU
	EndGlobalSection
	GlobalSection(SolutionProperties) = preSolution
		HideSolutionNode = FALSE
	EndGlobalSection
	GlobalSection(ExtensibilityGlobals) = postSolution
		SolutionGuid = {80580AAA-B19A-4D4F-A62F-FD9C01EC05CF}
	EndGlobalSection
EndGlobal
